
Microsoft Visual Studio Solution File, Format Version 12.00
# Visual Studio 2012
Project("{FAE04EC0-301F-11D3-BF4B-00C04F79EFBC}") = "consAvalaraTax", "consAvalaraTest\consAvalaraTax.csproj", "{1097D563-5643-40CD-B9F5-C6ACE5757DE0}"
EndProject
Project("{FAE04EC0-301F-11D3-BF4B-00C04F79EFBC}") = "Avalara.AvaTax.RestClient.net20", "Avalara.AvaTax.RestClient.net20\Avalara.AvaTax.RestClient.net20.csproj", "{BB6B21A0-91B3-43B2-BF4C-531D0504120A}"
EndProject
Project("{FAE04EC0-301F-11D3-BF4B-00C04F79EFBC}") = "entAvalaraConnector", "entAvalaraConnector\entAvalaraConnector.csproj", "{A672B4B6-463A-479A-B73A-144CD41383FB}"
EndProject
Project("{FAE04EC0-301F-11D3-BF4B-00C04F79EFBC}") = "winAvalaraTest", "winAvalaraTest\winAvalaraTest.csproj", "{E4AC5619-CA9B-4673-9E51-1C67DD96D5A0}"
EndProject
Global
	GlobalSection(SolutionConfigurationPlatforms) = preSolution
		Debug|Any CPU = Debug|Any CPU
		Release|Any CPU = Release|Any CPU
	EndGlobalSection
	GlobalSection(ProjectConfigurationPlatforms) = postSolution
		{1097D563-5643-40CD-B9F5-C6ACE5757DE0}.Debug|Any CPU.ActiveCfg = Debug|Any CPU
		{1097D563-5643-40CD-B9F5-C6ACE5757DE0}.Debug|Any CPU.Build.0 = Debug|Any CPU
		{1097D563-5643-40CD-B9F5-C6ACE5757DE0}.Release|Any CPU.ActiveCfg = Release|Any CPU
		{1097D563-5643-40CD-B9F5-C6ACE5757DE0}.Release|Any CPU.Build.0 = Release|Any CPU
		{BB6B21A0-91B3-43B2-BF4C-531D0504120A}.Debug|Any CPU.ActiveCfg = Debug|Any CPU
		{BB6B21A0-91B3-43B2-BF4C-531D0504120A}.Debug|Any CPU.Build.0 = Debug|Any CPU
		{BB6B21A0-91B3-43B2-BF4C-531D0504120A}.Release|Any CPU.ActiveCfg = Release|Any CPU
		{BB6B21A0-91B3-43B2-BF4C-531D0504120A}.Release|Any CPU.Build.0 = Release|Any CPU
		{A672B4B6-463A-479A-B73A-144CD41383FB}.Debug|Any CPU.ActiveCfg = Debug|Any CPU
		{A672B4B6-463A-479A-B73A-144CD41383FB}.Debug|Any CPU.Build.0 = Debug|Any CPU
		{A672B4B6-463A-479A-B73A-144CD41383FB}.Release|Any CPU.ActiveCfg = Release|Any CPU
		{A672B4B6-463A-479A-B73A-144CD41383FB}.Release|Any CPU.Build.0 = Release|Any CPU
		{E4AC5619-CA9B-4673-9E51-1C67DD96D5A0}.Debug|Any CPU.ActiveCfg = Debug|Any CPU
		{E4AC5619-CA9B-4673-9E51-1C67DD96D5A0}.Debug|Any CPU.Build.0 = Debug|Any CPU
		{E4AC5619-CA9B-4673-9E51-1C67DD96D5A0}.Release|Any CPU.ActiveCfg = Release|Any CPU
		{E4AC5619-CA9B-4673-9E51-1C67DD96D5A0}.Release|Any CPU.Build.0 = Release|Any CPU
	EndGlobalSection
	GlobalSection(SolutionProperties) = preSolution
		HideSolutionNode = FALSE
	EndGlobalSection
EndGlobal
