
Microsoft Visual Studio Solution File, Format Version 10.00
# Visual Studio 2008
Project("{FAE04EC0-301F-11D3-BF4B-00C04F79EFBC}") = "DLL_Indusal", "DLL_Indusal\DLL_Indusal.csproj", "{F36D146D-039F-4C4B-9B8E-1DBE41116F74}"
EndProject
Project("{54435603-DBB4-11D2-8724-00A0C9A8B90C}") = "Setup_DLL_Indusal", "Setup_DLL_Indusal\Setup_DLL_Indusal.vdproj", "{568C880B-8F94-497B-8B0D-FBD789304470}"
EndProject
Project("{FAE04EC0-301F-11D3-BF4B-00C04F79EFBC}") = "WF_PruebaDLL", "WF_PruebaDLL\WF_PruebaDLL.csproj", "{ED311845-A902-4468-AA54-D86F401DB8B2}"
EndProject
Project("{FAE04EC0-301F-11D3-BF4B-00C04F79EFBC}") = "WebApp_PruebaDLL", "WebApp_PruebaDLL\WebApp_PruebaDLL.csproj", "{343CD200-8C47-40C7-AEB0-CDB895D1B747}"
EndProject
Global
	GlobalSection(SolutionConfigurationPlatforms) = preSolution
		Debug|Any CPU = Debug|Any CPU
		Release|Any CPU = Release|Any CPU
	EndGlobalSection
	GlobalSection(ProjectConfigurationPlatforms) = postSolution
		{F36D146D-039F-4C4B-9B8E-1DBE41116F74}.Debug|Any CPU.ActiveCfg = Debug|Any CPU
		{F36D146D-039F-4C4B-9B8E-1DBE41116F74}.Debug|Any CPU.Build.0 = Debug|Any CPU
		{F36D146D-039F-4C4B-9B8E-1DBE41116F74}.Release|Any CPU.ActiveCfg = Release|Any CPU
		{F36D146D-039F-4C4B-9B8E-1DBE41116F74}.Release|Any CPU.Build.0 = Release|Any CPU
		{568C880B-8F94-497B-8B0D-FBD789304470}.Debug|Any CPU.ActiveCfg = Debug
		{568C880B-8F94-497B-8B0D-FBD789304470}.Release|Any CPU.ActiveCfg = Release
		{ED311845-A902-4468-AA54-D86F401DB8B2}.Debug|Any CPU.ActiveCfg = Debug|Any CPU
		{ED311845-A902-4468-AA54-D86F401DB8B2}.Debug|Any CPU.Build.0 = Debug|Any CPU
		{ED311845-A902-4468-AA54-D86F401DB8B2}.Release|Any CPU.ActiveCfg = Release|Any CPU
		{ED311845-A902-4468-AA54-D86F401DB8B2}.Release|Any CPU.Build.0 = Release|Any CPU
		{343CD200-8C47-40C7-AEB0-CDB895D1B747}.Debug|Any CPU.ActiveCfg = Debug|Any CPU
		{343CD200-8C47-40C7-AEB0-CDB895D1B747}.Debug|Any CPU.Build.0 = Debug|Any CPU
		{343CD200-8C47-40C7-AEB0-CDB895D1B747}.Release|Any CPU.ActiveCfg = Release|Any CPU
		{343CD200-8C47-40C7-AEB0-CDB895D1B747}.Release|Any CPU.Build.0 = Release|Any CPU
	EndGlobalSection
	GlobalSection(SolutionProperties) = preSolution
		HideSolutionNode = FALSE
	EndGlobalSection
EndGlobal
